
Microsoft Visual Studio Solution File, Format Version 12.00
# Visual Studio Version 17
VisualStudioVersion = 17.5.33627.172
MinimumVisualStudioVersion = 10.0.40219.1
Project("{FAE04EC0-301F-11D3-BF4B-00C04F79EFBC}") = "Indexers", "Indexers\Indexers.csproj", "{6C3BBB53-72C5-4DE6-93D0-BA751F6D0CD7}"
EndProject
Global
	GlobalSection(SolutionConfigurationPlatforms) = preSolution
		Debug|Any CPU = Debug|Any CPU
		Release|Any CPU = Release|Any CPU
	EndGlobalSection
	GlobalSection(ProjectConfigurationPlatforms) = postSolution
		{6C3BBB53-72C5-4DE6-93D0-BA751F6D0CD7}.Debug|Any CPU.ActiveCfg = Debug|Any CPU
		{6C3BBB53-72C5-4DE6-93D0-BA751F6D0CD7}.Debug|Any CPU.Build.0 = Debug|Any CPU
		{6C3BBB53-72C5-4DE6-93D0-BA751F6D0CD7}.Release|Any CPU.ActiveCfg = Release|Any CPU
		{6C3BBB53-72C5-4DE6-93D0-BA751F6D0CD7}.Release|Any CPU.Build.0 = Release|Any CPU
	EndGlobalSection
	GlobalSection(SolutionProperties) = preSolution
		HideSolutionNode = FALSE
	EndGlobalSection
	GlobalSection(ExtensibilityGlobals) = postSolution
		SolutionGuid = {59B637A6-07B0-4996-92DF-10FDC80F7920}
	EndGlobalSection
EndGlobal
